# generated by rye
# use `rye lock` or `rye sync` to update this lockfile
#
# last locked with the following flags:
#   pre: false
#   features: []
#   all-features: false

-e file:.
certifi==2024.2.2
charset-normalizer==3.3.2
filelock==3.13.1
fsspec==2024.2.0
idna==3.6
jinja2==3.1.3
markupsafe==2.1.5
mpmath==1.3.0
networkx==3.2.1
numpy==1.26.4
opencv-python==4.9.0.80
pillow==10.2.0
pyyaml==6.0.1
requests==2.31.0
sympy==1.12
torch==2.2.0
torchvision==0.17.0
typing-extensions==4.9.0
urllib3==2.2.0
